
Microsoft Visual Studio Solution File, Format Version 12.00
# Visual Studio Version 16
VisualStudioVersion = 16.0.30717.126
MinimumVisualStudioVersion = 10.0.40219.1
Project("{9A19103F-16F7-4668-BE54-9A1E7A4F7556}") = "CG.Sequences.CosmoDb", "CG.Sequences.CosmoDb\CG.Sequences.CosmoDb.csproj", "{EB7487E7-240F-4B3E-8F79-E57D1E2EC173}"
EndProject
Project("{9A19103F-16F7-4668-BE54-9A1E7A4F7556}") = "CG.Sequences.CosmoDb.Tests", "..\tests\CG.Sequences.CosmoDb.Tests\CG.Sequences.CosmoDb.Tests.csproj", "{6BD118E3-D945-456A-9CFD-F0B1791F2902}"
EndProject
Global
	GlobalSection(SolutionConfigurationPlatforms) = preSolution
		Debug|Any CPU = Debug|Any CPU
		Release|Any CPU = Release|Any CPU
	EndGlobalSection
	GlobalSection(ProjectConfigurationPlatforms) = postSolution
		{EB7487E7-240F-4B3E-8F79-E57D1E2EC173}.Debug|Any CPU.ActiveCfg = Debug|Any CPU
		{EB7487E7-240F-4B3E-8F79-E57D1E2EC173}.Debug|Any CPU.Build.0 = Debug|Any CPU
		{EB7487E7-240F-4B3E-8F79-E57D1E2EC173}.Release|Any CPU.ActiveCfg = Release|Any CPU
		{EB7487E7-240F-4B3E-8F79-E57D1E2EC173}.Release|Any CPU.Build.0 = Release|Any CPU
		{6BD118E3-D945-456A-9CFD-F0B1791F2902}.Debug|Any CPU.ActiveCfg = Debug|Any CPU
		{6BD118E3-D945-456A-9CFD-F0B1791F2902}.Debug|Any CPU.Build.0 = Debug|Any CPU
		{6BD118E3-D945-456A-9CFD-F0B1791F2902}.Release|Any CPU.ActiveCfg = Release|Any CPU
		{6BD118E3-D945-456A-9CFD-F0B1791F2902}.Release|Any CPU.Build.0 = Release|Any CPU
	EndGlobalSection
	GlobalSection(SolutionProperties) = preSolution
		HideSolutionNode = FALSE
	EndGlobalSection
	GlobalSection(ExtensibilityGlobals) = postSolution
		SolutionGuid = {34891A69-973B-45C5-B984-2E9D16C8A1DB}
	EndGlobalSection
EndGlobal
